
Microsoft Visual Studio Solution File, Format Version 12.00
# Visual Studio Version 16
VisualStudioVersion = 16.0.31424.327
MinimumVisualStudioVersion = 10.0.40219.1
Project("{6EC3EE1D-3C4E-46DD-8F32-0CC8E7565705}") = "Day1", "Day1\Day1.fsproj", "{03000F2C-8C17-4749-B026-C02E18066A5D}"
EndProject
Project("{6EC3EE1D-3C4E-46DD-8F32-0CC8E7565705}") = "Day2", "Day2\Day2.fsproj", "{7AF8A741-7C56-4D80-9F27-60669D983083}"
EndProject
Project("{F2A71F9B-5D33-465A-A702-920D77279786}") = "Day13", "Day14\Day13.fsproj", "{06ACCD14-B8C9-4B57-81FC-4855D5F094ED}"
EndProject
Global
	GlobalSection(SolutionConfigurationPlatforms) = preSolution
		Debug|Any CPU = Debug|Any CPU
		Release|Any CPU = Release|Any CPU
	EndGlobalSection
	GlobalSection(ProjectConfigurationPlatforms) = postSolution
		{03000F2C-8C17-4749-B026-C02E18066A5D}.Debug|Any CPU.ActiveCfg = Debug|Any CPU
		{03000F2C-8C17-4749-B026-C02E18066A5D}.Debug|Any CPU.Build.0 = Debug|Any CPU
		{03000F2C-8C17-4749-B026-C02E18066A5D}.Release|Any CPU.ActiveCfg = Release|Any CPU
		{03000F2C-8C17-4749-B026-C02E18066A5D}.Release|Any CPU.Build.0 = Release|Any CPU
		{7AF8A741-7C56-4D80-9F27-60669D983083}.Debug|Any CPU.ActiveCfg = Debug|Any CPU
		{7AF8A741-7C56-4D80-9F27-60669D983083}.Debug|Any CPU.Build.0 = Debug|Any CPU
		{7AF8A741-7C56-4D80-9F27-60669D983083}.Release|Any CPU.ActiveCfg = Release|Any CPU
		{7AF8A741-7C56-4D80-9F27-60669D983083}.Release|Any CPU.Build.0 = Release|Any CPU
		{06ACCD14-B8C9-4B57-81FC-4855D5F094ED}.Debug|Any CPU.ActiveCfg = Debug|Any CPU
		{06ACCD14-B8C9-4B57-81FC-4855D5F094ED}.Debug|Any CPU.Build.0 = Debug|Any CPU
		{06ACCD14-B8C9-4B57-81FC-4855D5F094ED}.Release|Any CPU.ActiveCfg = Release|Any CPU
		{06ACCD14-B8C9-4B57-81FC-4855D5F094ED}.Release|Any CPU.Build.0 = Release|Any CPU
	EndGlobalSection
	GlobalSection(SolutionProperties) = preSolution
		HideSolutionNode = FALSE
	EndGlobalSection
	GlobalSection(ExtensibilityGlobals) = postSolution
		SolutionGuid = {92DD200B-66A0-425D-B8C9-40AFA9D61EFF}
	EndGlobalSection
EndGlobal
