
Microsoft Visual Studio Solution File, Format Version 12.00
# Visual Studio Version 16
VisualStudioVersion = 16.0.30709.132
MinimumVisualStudioVersion = 10.0.40219.1
Project("{F2A71F9B-5D33-465A-A702-920D77279786}") = "1", "1\1.fsproj", "{D81F859B-B9D2-428D-8B42-E3FF08CAACE2}"
EndProject
Project("{F2A71F9B-5D33-465A-A702-920D77279786}") = "2", "2\2\2.fsproj", "{0698E791-6D18-4FDF-A071-C0899E4184F9}"
EndProject
Global
	GlobalSection(SolutionConfigurationPlatforms) = preSolution
		Debug|Any CPU = Debug|Any CPU
		Release|Any CPU = Release|Any CPU
	EndGlobalSection
	GlobalSection(ProjectConfigurationPlatforms) = postSolution
		{D81F859B-B9D2-428D-8B42-E3FF08CAACE2}.Debug|Any CPU.ActiveCfg = Debug|Any CPU
		{D81F859B-B9D2-428D-8B42-E3FF08CAACE2}.Debug|Any CPU.Build.0 = Debug|Any CPU
		{D81F859B-B9D2-428D-8B42-E3FF08CAACE2}.Release|Any CPU.ActiveCfg = Release|Any CPU
		{D81F859B-B9D2-428D-8B42-E3FF08CAACE2}.Release|Any CPU.Build.0 = Release|Any CPU
		{0698E791-6D18-4FDF-A071-C0899E4184F9}.Debug|Any CPU.ActiveCfg = Debug|Any CPU
		{0698E791-6D18-4FDF-A071-C0899E4184F9}.Debug|Any CPU.Build.0 = Debug|Any CPU
		{0698E791-6D18-4FDF-A071-C0899E4184F9}.Release|Any CPU.ActiveCfg = Release|Any CPU
		{0698E791-6D18-4FDF-A071-C0899E4184F9}.Release|Any CPU.Build.0 = Release|Any CPU
	EndGlobalSection
	GlobalSection(SolutionProperties) = preSolution
		HideSolutionNode = FALSE
	EndGlobalSection
	GlobalSection(ExtensibilityGlobals) = postSolution
		SolutionGuid = {94D8122A-F19C-436C-A334-C8D08A763773}
	EndGlobalSection
EndGlobal
