
Microsoft Visual Studio Solution File, Format Version 12.00
# Visual Studio Version 17
VisualStudioVersion = 17.0.32002.185
MinimumVisualStudioVersion = 10.0.40219.1
Project("{6EC3EE1D-3C4E-46DD-8F32-0CC8E7565705}") = "1", "1\1.fsproj", "{D81F859B-B9D2-428D-8B42-E3FF08CAACE2}"
EndProject
Project("{6EC3EE1D-3C4E-46DD-8F32-0CC8E7565705}") = "2", "2\2\2.fsproj", "{0698E791-6D18-4FDF-A071-C0899E4184F9}"
EndProject
Project("{6EC3EE1D-3C4E-46DD-8F32-0CC8E7565705}") = "3", "3\3.fsproj", "{86BC2E22-0A23-440F-BE96-3F1C834B2525}"
EndProject
Project("{6EC3EE1D-3C4E-46DD-8F32-0CC8E7565705}") = "4", "4\4.fsproj", "{35B76F04-9588-4702-ABDC-A64BACFDE038}"
EndProject
Project("{6EC3EE1D-3C4E-46DD-8F32-0CC8E7565705}") = "5", "5\5.fsproj", "{C6D827CC-FB01-4DA4-9832-6C4A5F8DEEA6}"
EndProject
Project("{6EC3EE1D-3C4E-46DD-8F32-0CC8E7565705}") = "6", "6\6.fsproj", "{4784520F-FF0D-4ADD-AC91-00CFB96E12F1}"
EndProject
Project("{6EC3EE1D-3C4E-46DD-8F32-0CC8E7565705}") = "7", "7\7.fsproj", "{34FA6F72-1B78-4B98-A68A-B80FE70E7F93}"
EndProject
Project("{6EC3EE1D-3C4E-46DD-8F32-0CC8E7565705}") = "8", "8\8.fsproj", "{4A30F26F-031F-4470-913C-36D4D3B11014}"
EndProject
Project("{6EC3EE1D-3C4E-46DD-8F32-0CC8E7565705}") = "9", "9\9.fsproj", "{9DF19B8B-DCD5-40DD-9ACB-C1869878EC7B}"
EndProject
Project("{6EC3EE1D-3C4E-46DD-8F32-0CC8E7565705}") = "10", "10\10.fsproj", "{67CA8A19-AED0-4FDC-B450-085E415A64B2}"
EndProject
Project("{6EC3EE1D-3C4E-46DD-8F32-0CC8E7565705}") = "11", "11\11.fsproj", "{5539003C-DE3D-447F-8A03-CB6C268299AA}"
EndProject
Project("{6EC3EE1D-3C4E-46DD-8F32-0CC8E7565705}") = "12", "12\12.fsproj", "{0A653C05-89F5-4D38-AD15-A79BB3153213}"
EndProject
Project("{6EC3EE1D-3C4E-46DD-8F32-0CC8E7565705}") = "13", "13\13.fsproj", "{753B5B56-B8AA-4E2A-90C4-F9CA2C7C9825}"
EndProject
Project("{6EC3EE1D-3C4E-46DD-8F32-0CC8E7565705}") = "14", "14\14.fsproj", "{650E4628-8665-4444-9905-3560A0C51875}"
EndProject
Project("{6EC3EE1D-3C4E-46DD-8F32-0CC8E7565705}") = "15", "15\15.fsproj", "{839F95B3-6EC9-4525-B222-CE9DBC5648C4}"
EndProject
Project("{6EC3EE1D-3C4E-46DD-8F32-0CC8E7565705}") = "16", "16\16.fsproj", "{2B32A2FD-7BDD-4724-BC33-81A978DA3EDC}"
EndProject
Project("{6EC3EE1D-3C4E-46DD-8F32-0CC8E7565705}") = "Day18", "Day18\Day18.fsproj", "{4D5204E1-8B3D-4B72-8678-FAF7796DCF38}"
EndProject
Project("{F2A71F9B-5D33-465A-A702-920D77279786}") = "Day19", "Day19\Day19.fsproj", "{348BDED9-8D6F-437F-9E76-B53FF2BAFC06}"
EndProject
Project("{F2A71F9B-5D33-465A-A702-920D77279786}") = "Day20", "Day20\Day20.fsproj", "{FA9FB9E3-DCFE-4B28-9754-51B0B22C0A47}"
EndProject
Project("{F2A71F9B-5D33-465A-A702-920D77279786}") = "Day21", "Day21\Day21.fsproj", "{1434F769-7834-49E5-9D9B-DBAFBFC2D935}"
EndProject
Project("{F2A71F9B-5D33-465A-A702-920D77279786}") = "Day22", "Day22\Day22.fsproj", "{FFDDF30A-BAC5-4702-A025-D311C07FC6D2}"
EndProject
Global
	GlobalSection(SolutionConfigurationPlatforms) = preSolution
		Debug|Any CPU = Debug|Any CPU
		Release|Any CPU = Release|Any CPU
	EndGlobalSection
	GlobalSection(ProjectConfigurationPlatforms) = postSolution
		{D81F859B-B9D2-428D-8B42-E3FF08CAACE2}.Debug|Any CPU.ActiveCfg = Debug|Any CPU
		{D81F859B-B9D2-428D-8B42-E3FF08CAACE2}.Debug|Any CPU.Build.0 = Debug|Any CPU
		{D81F859B-B9D2-428D-8B42-E3FF08CAACE2}.Release|Any CPU.ActiveCfg = Release|Any CPU
		{D81F859B-B9D2-428D-8B42-E3FF08CAACE2}.Release|Any CPU.Build.0 = Release|Any CPU
		{0698E791-6D18-4FDF-A071-C0899E4184F9}.Debug|Any CPU.ActiveCfg = Debug|Any CPU
		{0698E791-6D18-4FDF-A071-C0899E4184F9}.Debug|Any CPU.Build.0 = Debug|Any CPU
		{0698E791-6D18-4FDF-A071-C0899E4184F9}.Release|Any CPU.ActiveCfg = Release|Any CPU
		{0698E791-6D18-4FDF-A071-C0899E4184F9}.Release|Any CPU.Build.0 = Release|Any CPU
		{86BC2E22-0A23-440F-BE96-3F1C834B2525}.Debug|Any CPU.ActiveCfg = Debug|Any CPU
		{86BC2E22-0A23-440F-BE96-3F1C834B2525}.Debug|Any CPU.Build.0 = Debug|Any CPU
		{86BC2E22-0A23-440F-BE96-3F1C834B2525}.Release|Any CPU.ActiveCfg = Release|Any CPU
		{86BC2E22-0A23-440F-BE96-3F1C834B2525}.Release|Any CPU.Build.0 = Release|Any CPU
		{35B76F04-9588-4702-ABDC-A64BACFDE038}.Debug|Any CPU.ActiveCfg = Debug|Any CPU
		{35B76F04-9588-4702-ABDC-A64BACFDE038}.Debug|Any CPU.Build.0 = Debug|Any CPU
		{35B76F04-9588-4702-ABDC-A64BACFDE038}.Release|Any CPU.ActiveCfg = Release|Any CPU
		{35B76F04-9588-4702-ABDC-A64BACFDE038}.Release|Any CPU.Build.0 = Release|Any CPU
		{C6D827CC-FB01-4DA4-9832-6C4A5F8DEEA6}.Debug|Any CPU.ActiveCfg = Debug|Any CPU
		{C6D827CC-FB01-4DA4-9832-6C4A5F8DEEA6}.Debug|Any CPU.Build.0 = Debug|Any CPU
		{C6D827CC-FB01-4DA4-9832-6C4A5F8DEEA6}.Release|Any CPU.ActiveCfg = Release|Any CPU
		{C6D827CC-FB01-4DA4-9832-6C4A5F8DEEA6}.Release|Any CPU.Build.0 = Release|Any CPU
		{4784520F-FF0D-4ADD-AC91-00CFB96E12F1}.Debug|Any CPU.ActiveCfg = Debug|Any CPU
		{4784520F-FF0D-4ADD-AC91-00CFB96E12F1}.Debug|Any CPU.Build.0 = Debug|Any CPU
		{4784520F-FF0D-4ADD-AC91-00CFB96E12F1}.Release|Any CPU.ActiveCfg = Release|Any CPU
		{4784520F-FF0D-4ADD-AC91-00CFB96E12F1}.Release|Any CPU.Build.0 = Release|Any CPU
		{34FA6F72-1B78-4B98-A68A-B80FE70E7F93}.Debug|Any CPU.ActiveCfg = Debug|Any CPU
		{34FA6F72-1B78-4B98-A68A-B80FE70E7F93}.Debug|Any CPU.Build.0 = Debug|Any CPU
		{34FA6F72-1B78-4B98-A68A-B80FE70E7F93}.Release|Any CPU.ActiveCfg = Release|Any CPU
		{34FA6F72-1B78-4B98-A68A-B80FE70E7F93}.Release|Any CPU.Build.0 = Release|Any CPU
		{4A30F26F-031F-4470-913C-36D4D3B11014}.Debug|Any CPU.ActiveCfg = Debug|Any CPU
		{4A30F26F-031F-4470-913C-36D4D3B11014}.Debug|Any CPU.Build.0 = Debug|Any CPU
		{4A30F26F-031F-4470-913C-36D4D3B11014}.Release|Any CPU.ActiveCfg = Release|Any CPU
		{4A30F26F-031F-4470-913C-36D4D3B11014}.Release|Any CPU.Build.0 = Release|Any CPU
		{9DF19B8B-DCD5-40DD-9ACB-C1869878EC7B}.Debug|Any CPU.ActiveCfg = Debug|Any CPU
		{9DF19B8B-DCD5-40DD-9ACB-C1869878EC7B}.Debug|Any CPU.Build.0 = Debug|Any CPU
		{9DF19B8B-DCD5-40DD-9ACB-C1869878EC7B}.Release|Any CPU.ActiveCfg = Release|Any CPU
		{9DF19B8B-DCD5-40DD-9ACB-C1869878EC7B}.Release|Any CPU.Build.0 = Release|Any CPU
		{67CA8A19-AED0-4FDC-B450-085E415A64B2}.Debug|Any CPU.ActiveCfg = Debug|Any CPU
		{67CA8A19-AED0-4FDC-B450-085E415A64B2}.Debug|Any CPU.Build.0 = Debug|Any CPU
		{67CA8A19-AED0-4FDC-B450-085E415A64B2}.Release|Any CPU.ActiveCfg = Release|Any CPU
		{67CA8A19-AED0-4FDC-B450-085E415A64B2}.Release|Any CPU.Build.0 = Release|Any CPU
		{5539003C-DE3D-447F-8A03-CB6C268299AA}.Debug|Any CPU.ActiveCfg = Debug|Any CPU
		{5539003C-DE3D-447F-8A03-CB6C268299AA}.Debug|Any CPU.Build.0 = Debug|Any CPU
		{5539003C-DE3D-447F-8A03-CB6C268299AA}.Release|Any CPU.ActiveCfg = Release|Any CPU
		{5539003C-DE3D-447F-8A03-CB6C268299AA}.Release|Any CPU.Build.0 = Release|Any CPU
		{0A653C05-89F5-4D38-AD15-A79BB3153213}.Debug|Any CPU.ActiveCfg = Debug|Any CPU
		{0A653C05-89F5-4D38-AD15-A79BB3153213}.Debug|Any CPU.Build.0 = Debug|Any CPU
		{0A653C05-89F5-4D38-AD15-A79BB3153213}.Release|Any CPU.ActiveCfg = Release|Any CPU
		{0A653C05-89F5-4D38-AD15-A79BB3153213}.Release|Any CPU.Build.0 = Release|Any CPU
		{753B5B56-B8AA-4E2A-90C4-F9CA2C7C9825}.Debug|Any CPU.ActiveCfg = Debug|Any CPU
		{753B5B56-B8AA-4E2A-90C4-F9CA2C7C9825}.Debug|Any CPU.Build.0 = Debug|Any CPU
		{753B5B56-B8AA-4E2A-90C4-F9CA2C7C9825}.Release|Any CPU.ActiveCfg = Release|Any CPU
		{753B5B56-B8AA-4E2A-90C4-F9CA2C7C9825}.Release|Any CPU.Build.0 = Release|Any CPU
		{650E4628-8665-4444-9905-3560A0C51875}.Debug|Any CPU.ActiveCfg = Debug|Any CPU
		{650E4628-8665-4444-9905-3560A0C51875}.Debug|Any CPU.Build.0 = Debug|Any CPU
		{650E4628-8665-4444-9905-3560A0C51875}.Release|Any CPU.ActiveCfg = Release|Any CPU
		{650E4628-8665-4444-9905-3560A0C51875}.Release|Any CPU.Build.0 = Release|Any CPU
		{839F95B3-6EC9-4525-B222-CE9DBC5648C4}.Debug|Any CPU.ActiveCfg = Debug|Any CPU
		{839F95B3-6EC9-4525-B222-CE9DBC5648C4}.Debug|Any CPU.Build.0 = Debug|Any CPU
		{839F95B3-6EC9-4525-B222-CE9DBC5648C4}.Release|Any CPU.ActiveCfg = Release|Any CPU
		{839F95B3-6EC9-4525-B222-CE9DBC5648C4}.Release|Any CPU.Build.0 = Release|Any CPU
		{2B32A2FD-7BDD-4724-BC33-81A978DA3EDC}.Debug|Any CPU.ActiveCfg = Debug|Any CPU
		{2B32A2FD-7BDD-4724-BC33-81A978DA3EDC}.Debug|Any CPU.Build.0 = Debug|Any CPU
		{2B32A2FD-7BDD-4724-BC33-81A978DA3EDC}.Release|Any CPU.ActiveCfg = Release|Any CPU
		{2B32A2FD-7BDD-4724-BC33-81A978DA3EDC}.Release|Any CPU.Build.0 = Release|Any CPU
		{4D5204E1-8B3D-4B72-8678-FAF7796DCF38}.Debug|Any CPU.ActiveCfg = Debug|Any CPU
		{4D5204E1-8B3D-4B72-8678-FAF7796DCF38}.Debug|Any CPU.Build.0 = Debug|Any CPU
		{4D5204E1-8B3D-4B72-8678-FAF7796DCF38}.Release|Any CPU.ActiveCfg = Release|Any CPU
		{4D5204E1-8B3D-4B72-8678-FAF7796DCF38}.Release|Any CPU.Build.0 = Release|Any CPU
		{348BDED9-8D6F-437F-9E76-B53FF2BAFC06}.Debug|Any CPU.ActiveCfg = Debug|Any CPU
		{348BDED9-8D6F-437F-9E76-B53FF2BAFC06}.Debug|Any CPU.Build.0 = Debug|Any CPU
		{348BDED9-8D6F-437F-9E76-B53FF2BAFC06}.Release|Any CPU.ActiveCfg = Release|Any CPU
		{348BDED9-8D6F-437F-9E76-B53FF2BAFC06}.Release|Any CPU.Build.0 = Release|Any CPU
		{FA9FB9E3-DCFE-4B28-9754-51B0B22C0A47}.Debug|Any CPU.ActiveCfg = Debug|Any CPU
		{FA9FB9E3-DCFE-4B28-9754-51B0B22C0A47}.Debug|Any CPU.Build.0 = Debug|Any CPU
		{FA9FB9E3-DCFE-4B28-9754-51B0B22C0A47}.Release|Any CPU.ActiveCfg = Release|Any CPU
		{FA9FB9E3-DCFE-4B28-9754-51B0B22C0A47}.Release|Any CPU.Build.0 = Release|Any CPU
		{1434F769-7834-49E5-9D9B-DBAFBFC2D935}.Debug|Any CPU.ActiveCfg = Debug|Any CPU
		{1434F769-7834-49E5-9D9B-DBAFBFC2D935}.Debug|Any CPU.Build.0 = Debug|Any CPU
		{1434F769-7834-49E5-9D9B-DBAFBFC2D935}.Release|Any CPU.ActiveCfg = Release|Any CPU
		{1434F769-7834-49E5-9D9B-DBAFBFC2D935}.Release|Any CPU.Build.0 = Release|Any CPU
		{FFDDF30A-BAC5-4702-A025-D311C07FC6D2}.Debug|Any CPU.ActiveCfg = Debug|Any CPU
		{FFDDF30A-BAC5-4702-A025-D311C07FC6D2}.Debug|Any CPU.Build.0 = Debug|Any CPU
		{FFDDF30A-BAC5-4702-A025-D311C07FC6D2}.Release|Any CPU.ActiveCfg = Release|Any CPU
		{FFDDF30A-BAC5-4702-A025-D311C07FC6D2}.Release|Any CPU.Build.0 = Release|Any CPU
	EndGlobalSection
	GlobalSection(SolutionProperties) = preSolution
		HideSolutionNode = FALSE
	EndGlobalSection
	GlobalSection(ExtensibilityGlobals) = postSolution
		SolutionGuid = {94D8122A-F19C-436C-A334-C8D08A763773}
	EndGlobalSection
EndGlobal
