
Microsoft Visual Studio Solution File, Format Version 12.00
# Visual Studio Version 16
VisualStudioVersion = 16.0.30709.132
MinimumVisualStudioVersion = 10.0.40219.1
Project("{6EC3EE1D-3C4E-46DD-8F32-0CC8E7565705}") = "1", "1\1.fsproj", "{D81F859B-B9D2-428D-8B42-E3FF08CAACE2}"
EndProject
Project("{6EC3EE1D-3C4E-46DD-8F32-0CC8E7565705}") = "2", "2\2\2.fsproj", "{0698E791-6D18-4FDF-A071-C0899E4184F9}"
EndProject
Project("{6EC3EE1D-3C4E-46DD-8F32-0CC8E7565705}") = "3", "3\3.fsproj", "{86BC2E22-0A23-440F-BE96-3F1C834B2525}"
EndProject
Project("{6EC3EE1D-3C4E-46DD-8F32-0CC8E7565705}") = "4", "4\4.fsproj", "{35B76F04-9588-4702-ABDC-A64BACFDE038}"
EndProject
Project("{6EC3EE1D-3C4E-46DD-8F32-0CC8E7565705}") = "5", "5\5.fsproj", "{C6D827CC-FB01-4DA4-9832-6C4A5F8DEEA6}"
EndProject
Project("{6EC3EE1D-3C4E-46DD-8F32-0CC8E7565705}") = "6", "6\6.fsproj", "{4784520F-FF0D-4ADD-AC91-00CFB96E12F1}"
EndProject
Project("{6EC3EE1D-3C4E-46DD-8F32-0CC8E7565705}") = "7", "7\7.fsproj", "{34FA6F72-1B78-4B98-A68A-B80FE70E7F93}"
EndProject
Project("{F2A71F9B-5D33-465A-A702-920D77279786}") = "8", "8\8.fsproj", "{4A30F26F-031F-4470-913C-36D4D3B11014}"
EndProject
Global
	GlobalSection(SolutionConfigurationPlatforms) = preSolution
		Debug|Any CPU = Debug|Any CPU
		Release|Any CPU = Release|Any CPU
	EndGlobalSection
	GlobalSection(ProjectConfigurationPlatforms) = postSolution
		{D81F859B-B9D2-428D-8B42-E3FF08CAACE2}.Debug|Any CPU.ActiveCfg = Debug|Any CPU
		{D81F859B-B9D2-428D-8B42-E3FF08CAACE2}.Debug|Any CPU.Build.0 = Debug|Any CPU
		{D81F859B-B9D2-428D-8B42-E3FF08CAACE2}.Release|Any CPU.ActiveCfg = Release|Any CPU
		{D81F859B-B9D2-428D-8B42-E3FF08CAACE2}.Release|Any CPU.Build.0 = Release|Any CPU
		{0698E791-6D18-4FDF-A071-C0899E4184F9}.Debug|Any CPU.ActiveCfg = Debug|Any CPU
		{0698E791-6D18-4FDF-A071-C0899E4184F9}.Debug|Any CPU.Build.0 = Debug|Any CPU
		{0698E791-6D18-4FDF-A071-C0899E4184F9}.Release|Any CPU.ActiveCfg = Release|Any CPU
		{0698E791-6D18-4FDF-A071-C0899E4184F9}.Release|Any CPU.Build.0 = Release|Any CPU
		{86BC2E22-0A23-440F-BE96-3F1C834B2525}.Debug|Any CPU.ActiveCfg = Debug|Any CPU
		{86BC2E22-0A23-440F-BE96-3F1C834B2525}.Debug|Any CPU.Build.0 = Debug|Any CPU
		{86BC2E22-0A23-440F-BE96-3F1C834B2525}.Release|Any CPU.ActiveCfg = Release|Any CPU
		{86BC2E22-0A23-440F-BE96-3F1C834B2525}.Release|Any CPU.Build.0 = Release|Any CPU
		{35B76F04-9588-4702-ABDC-A64BACFDE038}.Debug|Any CPU.ActiveCfg = Debug|Any CPU
		{35B76F04-9588-4702-ABDC-A64BACFDE038}.Debug|Any CPU.Build.0 = Debug|Any CPU
		{35B76F04-9588-4702-ABDC-A64BACFDE038}.Release|Any CPU.ActiveCfg = Release|Any CPU
		{35B76F04-9588-4702-ABDC-A64BACFDE038}.Release|Any CPU.Build.0 = Release|Any CPU
		{C6D827CC-FB01-4DA4-9832-6C4A5F8DEEA6}.Debug|Any CPU.ActiveCfg = Debug|Any CPU
		{C6D827CC-FB01-4DA4-9832-6C4A5F8DEEA6}.Debug|Any CPU.Build.0 = Debug|Any CPU
		{C6D827CC-FB01-4DA4-9832-6C4A5F8DEEA6}.Release|Any CPU.ActiveCfg = Release|Any CPU
		{C6D827CC-FB01-4DA4-9832-6C4A5F8DEEA6}.Release|Any CPU.Build.0 = Release|Any CPU
		{4784520F-FF0D-4ADD-AC91-00CFB96E12F1}.Debug|Any CPU.ActiveCfg = Debug|Any CPU
		{4784520F-FF0D-4ADD-AC91-00CFB96E12F1}.Debug|Any CPU.Build.0 = Debug|Any CPU
		{4784520F-FF0D-4ADD-AC91-00CFB96E12F1}.Release|Any CPU.ActiveCfg = Release|Any CPU
		{4784520F-FF0D-4ADD-AC91-00CFB96E12F1}.Release|Any CPU.Build.0 = Release|Any CPU
		{34FA6F72-1B78-4B98-A68A-B80FE70E7F93}.Debug|Any CPU.ActiveCfg = Debug|Any CPU
		{34FA6F72-1B78-4B98-A68A-B80FE70E7F93}.Debug|Any CPU.Build.0 = Debug|Any CPU
		{34FA6F72-1B78-4B98-A68A-B80FE70E7F93}.Release|Any CPU.ActiveCfg = Release|Any CPU
		{34FA6F72-1B78-4B98-A68A-B80FE70E7F93}.Release|Any CPU.Build.0 = Release|Any CPU
		{4A30F26F-031F-4470-913C-36D4D3B11014}.Debug|Any CPU.ActiveCfg = Debug|Any CPU
		{4A30F26F-031F-4470-913C-36D4D3B11014}.Debug|Any CPU.Build.0 = Debug|Any CPU
		{4A30F26F-031F-4470-913C-36D4D3B11014}.Release|Any CPU.ActiveCfg = Release|Any CPU
		{4A30F26F-031F-4470-913C-36D4D3B11014}.Release|Any CPU.Build.0 = Release|Any CPU
	EndGlobalSection
	GlobalSection(SolutionProperties) = preSolution
		HideSolutionNode = FALSE
	EndGlobalSection
	GlobalSection(ExtensibilityGlobals) = postSolution
		SolutionGuid = {94D8122A-F19C-436C-A334-C8D08A763773}
	EndGlobalSection
EndGlobal
